
Microsoft Visual Studio Solution File, Format Version 12.00
# Visual Studio 15
VisualStudioVersion = 15.0.27130.2010
MinimumVisualStudioVersion = 10.0.40219.1
Project("{FAE04EC0-301F-11D3-BF4B-00C04F79EFBC}") = "Dynabox_zatowarowanie", "Dynabox_zatowarowanie\Dynabox_zatowarowanie.csproj", "{6B641ED7-71DF-4F40-862F-5D234A0E0F0C}"
EndProject
Global
	GlobalSection(SolutionConfigurationPlatforms) = preSolution
		Debug|Any CPU = Debug|Any CPU
		Release|Any CPU = Release|Any CPU
	EndGlobalSection
	GlobalSection(ProjectConfigurationPlatforms) = postSolution
		{6B641ED7-71DF-4F40-862F-5D234A0E0F0C}.Debug|Any CPU.ActiveCfg = Debug|Any CPU
		{6B641ED7-71DF-4F40-862F-5D234A0E0F0C}.Debug|Any CPU.Build.0 = Debug|Any CPU
		{6B641ED7-71DF-4F40-862F-5D234A0E0F0C}.Release|Any CPU.ActiveCfg = Release|Any CPU
		{6B641ED7-71DF-4F40-862F-5D234A0E0F0C}.Release|Any CPU.Build.0 = Release|Any CPU
	EndGlobalSection
	GlobalSection(SolutionProperties) = preSolution
		HideSolutionNode = FALSE
	EndGlobalSection
	GlobalSection(ExtensibilityGlobals) = postSolution
		SolutionGuid = {C0B306B3-07A3-44AB-AFAB-9F43ED44562E}
	EndGlobalSection
EndGlobal
